# THIS IS AN AUTOGENERATED FILE. DO NOT EDIT THIS FILE DIRECTLY.
# yarn lockfile v1


fast-xml-parser@^4.3.6:
  version "4.3.6"
  resolved "https://registry.yarnpkg.com/fast-xml-parser/-/fast-xml-parser-4.3.6.tgz#190f9d99097f0c8f2d3a0e681a10404afca052ff"
  integrity sha512-M2SovcRxD4+vC493Uc2GZVcZaj66CCJhWurC4viynVSTvrpErCShNcDz1lAho6n9REQKvL/ll4A4/fw6Y9z8nw==
  dependencies:
    strnum "^1.0.5"

prettier@^3.2.5:
  version "3.2.5"
  resolved "https://registry.yarnpkg.com/prettier/-/prettier-3.2.5.tgz#e52bc3090586e824964a8813b09aba6233b28368"
  integrity sha512-3/GWa9aOC0YeD7LUfvOG2NiDyhOWRvt1k+rcKhOuYnMY24iiCphgneUfJDyFXd6rZCAnuLBv6UeAULtrhT/F4A==

strnum@^1.0.5:
  version "1.0.5"
  resolved "https://registry.yarnpkg.com/strnum/-/strnum-1.0.5.tgz#5c4e829fe15ad4ff0d20c3db5ac97b73c9b072db"
  integrity sha512-J8bbNyKKXl5qYcR36TIO8W3mVGVHrmmxsd5PAItGkmyzwJvybiw2IVq5nqd0i4LSNSkB/sx9VHllbfFdr9k1JA==
